{
  "pins" : [
    {
      "identity" : "facebook-ios-sdk",
      "kind" : "remoteSourceControl",
      "location" : "https://github.com/facebook/facebook-ios-sdk",
      "state" : {
        "branch" : "main",
        "revision" : "49e49f7336767511782d058ee84aaeb75d2c334c"
      }
    }
  ],
  "version" : 2
}
